{
  "nodes": {
    "nixpkgs": {
      "locked": {
        "lastModified": 1690378156,
        "narHash": "sha256-rWRkHrW/ixoXXDiu5Z6NJ9QodUzufAxT6veTSELEFNA=",
        "owner": "NixOS",
        "repo": "nixpkgs",
        "rev": "fb4debd73182c203a69060cb84e63c9e779c3a49",
        "type": "github"
      },
      "original": {
        "owner": "NixOS",
        "repo": "nixpkgs",
        "type": "github"
      }
    },
    "root": {
      "inputs": {
        "nixpkgs": "nixpkgs"
      }
    }
  },
  "root": "root",
  "version": 7
}
