{
  "nodes": {
    "nix-patches": {
      "flake": false,
      "locked": {
        "lastModified": 1698959422,
        "narHash": "sha256-Y1kfXm/fmHo7NS5w8YSNGZNpe4pPR/eGLr5QNdQDQHs=",
        "owner": "flox",
        "repo": "pkgdb",
        "rev": "5a3d9dd15674852baac08e07c84a59d62ceb7740",
        "type": "github"
      },
      "original": {
        "owner": "flox",
        "repo": "pkgdb",
        "type": "github"
      }
    },
    "nixpkgs": {
      "locked": {
        "lastModified": 1698942558,
        "narHash": "sha256-/UmnB+mEd6Eg3mJBrAgqRcyZX//RSjHphcCO7Ig9Bpk=",
        "owner": "NixOS",
        "repo": "nixpkgs",
        "rev": "621f51253edffa1d6f08d5fce4f08614c852d17e",
        "type": "github"
      },
      "original": {
        "owner": "NixOS",
        "ref": "release-23.05",
        "repo": "nixpkgs",
        "type": "github"
      }
    },
    "root": {
      "inputs": {
        "nix-patches": "nix-patches",
        "nixpkgs": "nixpkgs"
      }
    }
  },
  "root": "root",
  "version": 7
}
