{
  "nodes": {
    "nixpkgs": {
      "locked": {
        "lastModified": 1698876495,
        "narHash": "sha256-nsQo2/mkDUFeAjuu92p0dEqhRvHHiENhkKVIV1y0/Oo=",
        "owner": "NixOS",
        "repo": "nixpkgs",
        "rev": "9eb24edd6a0027fed010ccfe300a9734d029983c",
        "type": "github"
      },
      "original": {
        "owner": "NixOS",
        "ref": "release-23.05",
        "repo": "nixpkgs",
        "type": "github"
      }
    },
    "root": {
      "inputs": {
        "nixpkgs": "nixpkgs"
      }
    }
  },
  "root": "root",
  "version": 7
}
